
Microsoft Visual Studio Solution File, Format Version 12.00
# Visual Studio Version 17
VisualStudioVersion = 17.13.35806.99
MinimumVisualStudioVersion = 10.0.40219.1
Project("{FAE04EC0-301F-11D3-BF4B-00C04F79EFBC}") = "UniConnect", "UniConnect\UniConnect.csproj", "{142A7BF2-E947-4FFF-A517-FE653E40E15D}"
EndProject
Global
	GlobalSection(SolutionConfigurationPlatforms) = preSolution
		Debug|Any CPU = Debug|Any CPU
		Release|Any CPU = Release|Any CPU
	EndGlobalSection
	GlobalSection(ProjectConfigurationPlatforms) = postSolution
		{142A7BF2-E947-4FFF-A517-FE653E40E15D}.Debug|Any CPU.ActiveCfg = Debug|Any CPU
		{142A7BF2-E947-4FFF-A517-FE653E40E15D}.Debug|Any CPU.Build.0 = Debug|Any CPU
		{142A7BF2-E947-4FFF-A517-FE653E40E15D}.Release|Any CPU.ActiveCfg = Release|Any CPU
		{142A7BF2-E947-4FFF-A517-FE653E40E15D}.Release|Any CPU.Build.0 = Release|Any CPU
	EndGlobalSection
	GlobalSection(SolutionProperties) = preSolution
		HideSolutionNode = FALSE
	EndGlobalSection
	GlobalSection(ExtensibilityGlobals) = postSolution
		SolutionGuid = {B7CFB5D0-BAAA-4AFB-8D1B-BE0CE9AF11EA}
	EndGlobalSection
EndGlobal
